{
    "_readme": [
        "This file locks the dependencies of your project to a known state",
        "Read more about it at http://getcomposer.org/doc/01-basic-usage.md#composer-lock-the-lock-file"
    ],
    "hash": "ac45f7e12dc21296988625f8374370cd",
    "packages": [
        {
            "name": "patchwork/utf8",
            "version": "v1.1.13",
            "source": {
                "type": "git",
                "url": "https://github.com/nicolas-grekas/Patchwork-UTF8.git",
                "reference": "92376c92e7edc281a2ca4e3384f3da9237415db6"
            },
            "dist": {
                "type": "zip",
                "url": "https://api.github.com/repos/nicolas-grekas/Patchwork-UTF8/zipball/92376c92e7edc281a2ca4e3384f3da9237415db6",
                "reference": "92376c92e7edc281a2ca4e3384f3da9237415db6",
                "shasum": ""
            },
            "require": {
                "lib-pcre": "*",
                "php": ">=5.3.0"
            },
            "suggest": {
                "ext-mbstring": "Use Mbstring for best performance",
                "lib-iconv": "Use iconv for best performance",
                "lib-icu": "Use Intl for best performance"
            },
            "type": "library",
            "autoload": {
                "psr-0": {
                    "Patchwork": "class/",
                    "Normalizer": "class/"
                }
            },
            "notification-url": "https://packagist.org/downloads/",
            "license": [
                "(Apache-2.0 or GPL-2.0)"
            ],
            "authors": [
                {
                    "name": "Nicolas Grekas",
                    "email": "p@tchwork.com",
                    "role": "Developer"
                }
            ],
            "description": "Extensive, portable and performant handling of UTF-8 and grapheme clusters for PHP",
            "homepage": "https://github.com/nicolas-grekas/Patchwork-UTF8",
            "keywords": [
                "i18n",
                "unicode",
                "utf-8",
                "utf8"
            ],
            "time": "2013-10-12 09:48:20"
        }
    ],
    "packages-dev": [

    ],
    "aliases": [

    ],
    "minimum-stability": "stable",
    "stability-flags": [

    ],
    "platform": [

    ],
    "platform-dev": [

    ]
}
